// !$*UTF8*$!
{
	archiveVersion = 1;
	classes = {
	};
	objectVersion = 56;
	objects = {

/* Begin PBXBuildFile section */
		6F2F96462BA4DFC000D56C74 /* Bus_TimesApp.swift in Sources */ = {isa = PBXBuildFile; fileRef = 6F2F96452BA4DFC000D56C74 /* Bus_TimesApp.swift */; };
		6F2F96482BA4DFC000D56C74 /* ContentView.swift in Sources */ = {isa = PBXBuildFile; fileRef = 6F2F96472BA4DFC000D56C74 /* ContentView.swift */; };
		6F2F964A2BA4DFC300D56C74 /* Assets.xcassets in Resources */ = {isa = PBXBuildFile; fileRef = 6F2F96492BA4DFC300D56C74 /* Assets.xcassets */; };
		6F2F964D2BA4DFC300D56C74 /* Preview Assets.xcassets in Resources */ = {isa = PBXBuildFile; fileRef = 6F2F964C2BA4DFC300D56C74 /* Preview Assets.xcassets */; };
		6F2F96572BA4DFC300D56C74 /* Bus_TimesTests.swift in Sources */ = {isa = PBXBuildFile; fileRef = 6F2F96562BA4DFC300D56C74 /* Bus_TimesTests.swift */; };
		6F2F96612BA4DFC300D56C74 /* Bus_TimesUITests.swift in Sources */ = {isa = PBXBuildFile; fileRef = 6F2F96602BA4DFC300D56C74 /* Bus_TimesUITests.swift */; };
		6F2F96632BA4DFC300D56C74 /* Bus_TimesUITestsLaunchTests.swift in Sources */ = {isa = PBXBuildFile; fileRef = 6F2F96622BA4DFC300D56C74 /* Bus_TimesUITestsLaunchTests.swift */; };
/* End PBXBuildFile section */

/* Begin PBXContainerItemProxy section */
		6F2F96532BA4DFC300D56C74 /* PBXContainerItemProxy */ = {
			isa = PBXContainerItemProxy;
			containerPortal = 6F2F963A2BA4DFC000D56C74 /* Project object */;
			proxyType = 1;
			remoteGlobalIDString = 6F2F96412BA4DFC000D56C74;
			remoteInfo = "Bus Times";
		};
		6F2F965D2BA4DFC300D56C74 /* PBXContainerItemProxy */ = {
			isa = PBXContainerItemProxy;
			containerPortal = 6F2F963A2BA4DFC000D56C74 /* Project object */;
			proxyType = 1;
			remoteGlobalIDString = 6F2F96412BA4DFC000D56C74;
			remoteInfo = "Bus Times";
		};
/* End PBXContainerItemProxy section */

/* Begin PBXFileReference section */
		6F2F96422BA4DFC000D56C74 /* Bus Times.app */ = {isa = PBXFileReference; explicitFileType = wrapper.application; includeInIndex = 0; path = "Bus Times.app"; sourceTree = BUILT_PRODUCTS_DIR; };
		6F2F96452BA4DFC000D56C74 /* Bus_TimesApp.swift */ = {isa = PBXFileReference; lastKnownFileType = sourcecode.swift; path = Bus_TimesApp.swift; sourceTree = "<group>"; };
		6F2F96472BA4DFC000D56C74 /* ContentView.swift */ = {isa = PBXFileReference; lastKnownFileType = sourcecode.swift; path = ContentView.swift; sourceTree = "<group>"; };
		6F2F96492BA4DFC300D56C74 /* Assets.xcassets */ = {isa = PBXFileReference; lastKnownFileType = folder.assetcatalog; path = Assets.xcassets; sourceTree = "<group>"; };
		6F2F964C2BA4DFC300D56C74 /* Preview Assets.xcassets */ = {isa = PBXFileReference; lastKnownFileType = folder.assetcatalog; path = "Preview Assets.xcassets"; sourceTree = "<group>"; };
		6F2F96522BA4DFC300D56C74 /* Bus TimesTests.xctest */ = {isa = PBXFileReference; explicitFileType = wrapper.cfbundle; includeInIndex = 0; path = "Bus TimesTests.xctest"; sourceTree = BUILT_PRODUCTS_DIR; };
		6F2F96562BA4DFC300D56C74 /* Bus_TimesTests.swift */ = {isa = PBXFileReference; lastKnownFileType = sourcecode.swift; path = Bus_TimesTests.swift; sourceTree = "<group>"; };
		6F2F965C2BA4DFC300D56C74 /* Bus TimesUITests.xctest */ = {isa = PBXFileReference; explicitFileType = wrapper.cfbundle; includeInIndex = 0; path = "Bus TimesUITests.xctest"; sourceTree = BUILT_PRODUCTS_DIR; };
		6F2F96602BA4DFC300D56C74 /* Bus_TimesUITests.swift */ = {isa = PBXFileReference; lastKnownFileType = sourcecode.swift; path = Bus_TimesUITests.swift; sourceTree = "<group>"; };
		6F2F96622BA4DFC300D56C74 /* Bus_TimesUITestsLaunchTests.swift */ = {isa = PBXFileReference; lastKnownFileType = sourcecode.swift; path = Bus_TimesUITestsLaunchTests.swift; sourceTree = "<group>"; };
/* End PBXFileReference section */

/* Begin PBXFrameworksBuildPhase section */
		6F2F963F2BA4DFC000D56C74 /* Frameworks */ = {
			isa = PBXFrameworksBuildPhase;
			buildActionMask = 2147483647;
			files = (
			);
			runOnlyForDeploymentPostprocessing = 0;
		};
		6F2F964F2BA4DFC300D56C74 /* Frameworks */ = {
			isa = PBXFrameworksBuildPhase;
			buildActionMask = 2147483647;
			files = (
			);
			runOnlyForDeploymentPostprocessing = 0;
		};
		6F2F96592BA4DFC300D56C74 /* Frameworks */ = {
			isa = PBXFrameworksBuildPhase;
			buildActionMask = 2147483647;
			files = (
			);
			runOnlyForDeploymentPostprocessing = 0;
		};
/* End PBXFrameworksBuildPhase section */

/* Begin PBXGroup section */
		6F2F96392BA4DFC000D56C74 = {
			isa = PBXGroup;
			children = (
				6F2F96442BA4DFC000D56C74 /* Bus Times */,
				6F2F96552BA4DFC300D56C74 /* Bus TimesTests */,
				6F2F965F2BA4DFC300D56C74 /* Bus TimesUITests */,
				6F2F96432BA4DFC000D56C74 /* Products */,
			);
			sourceTree = "<group>";
		};
		6F2F96432BA4DFC000D56C74 /* Products */ = {
			isa = PBXGroup;
			children = (
				6F2F96422BA4DFC000D56C74 /* Bus Times.app */,
				6F2F96522BA4DFC300D56C74 /* Bus TimesTests.xctest */,
				6F2F965C2BA4DFC300D56C74 /* Bus TimesUITests.xctest */,
			);
			name = Products;
			sourceTree = "<group>";
		};
		6F2F96442BA4DFC000D56C74 /* Bus Times */ = {
			isa = PBXGroup;
			children = (
				6F2F96452BA4DFC000D56C74 /* Bus_TimesApp.swift */,
				6F2F96472BA4DFC000D56C74 /* ContentView.swift */,
				6F2F96492BA4DFC300D56C74 /* Assets.xcassets */,
				6F2F964B2BA4DFC300D56C74 /* Preview Content */,
			);
			path = "Bus Times";
			sourceTree = "<group>";
		};
		6F2F964B2BA4DFC300D56C74 /* Preview Content */ = {
			isa = PBXGroup;
			children = (
				6F2F964C2BA4DFC300D56C74 /* Preview Assets.xcassets */,
			);
			path = "Preview Content";
			sourceTree = "<group>";
		};
		6F2F96552BA4DFC300D56C74 /* Bus TimesTests */ = {
			isa = PBXGroup;
			children = (
				6F2F96562BA4DFC300D56C74 /* Bus_TimesTests.swift */,
			);
			path = "Bus TimesTests";
			sourceTree = "<group>";
		};
		6F2F965F2BA4DFC300D56C74 /* Bus TimesUITests */ = {
			isa = PBXGroup;
			children = (
				6F2F96602BA4DFC300D56C74 /* Bus_TimesUITests.swift */,
				6F2F96622BA4DFC300D56C74 /* Bus_TimesUITestsLaunchTests.swift */,
			);
			path = "Bus TimesUITests";
			sourceTree = "<group>";
		};
/* End PBXGroup section */

/* Begin PBXNativeTarget section */
		6F2F96412BA4DFC000D56C74 /* Bus Times */ = {
			isa = PBXNativeTarget;
			buildConfigurationList = 6F2F96662BA4DFC300D56C74 /* Build configuration list for PBXNativeTarget "Bus Times" */;
			buildPhases = (
				6F2F963E2BA4DFC000D56C74 /* Sources */,
				6F2F963F2BA4DFC000D56C74 /* Frameworks */,
				6F2F96402BA4DFC000D56C74 /* Resources */,
			);
			buildRules = (
			);
			dependencies = (
			);
			name = "Bus Times";
			productName = "Bus Times";
			productReference = 6F2F96422BA4DFC000D56C74 /* Bus Times.app */;
			productType = "com.apple.product-type.application";
		};
		6F2F96512BA4DFC300D56C74 /* Bus TimesTests */ = {
			isa = PBXNativeTarget;
			buildConfigurationList = 6F2F96692BA4DFC300D56C74 /* Build configuration list for PBXNativeTarget "Bus TimesTests" */;
			buildPhases = (
				6F2F964E2BA4DFC300D56C74 /* Sources */,
				6F2F964F2BA4DFC300D56C74 /* Frameworks */,
				6F2F96502BA4DFC300D56C74 /* Resources */,
			);
			buildRules = (
			);
			dependencies = (
				6F2F96542BA4DFC300D56C74 /* PBXTargetDependency */,
			);
			name = "Bus TimesTests";
			productName = "Bus TimesTests";
			productReference = 6F2F96522BA4DFC300D56C74 /* Bus TimesTests.xctest */;
			productType = "com.apple.product-type.bundle.unit-test";
		};
		6F2F965B2BA4DFC300D56C74 /* Bus TimesUITests */ = {
			isa = PBXNativeTarget;
			buildConfigurationList = 6F2F966C2BA4DFC300D56C74 /* Build configuration list for PBXNativeTarget "Bus TimesUITests" */;
			buildPhases = (
				6F2F96582BA4DFC300D56C74 /* Sources */,
				6F2F96592BA4DFC300D56C74 /* Frameworks */,
				6F2F965A2BA4DFC300D56C74 /* Resources */,
			);
			buildRules = (
			);
			dependencies = (
				6F2F965E2BA4DFC300D56C74 /* PBXTargetDependency */,
			);
			name = "Bus TimesUITests";
			productName = "Bus TimesUITests";
			productReference = 6F2F965C2BA4DFC300D56C74 /* Bus TimesUITests.xctest */;
			productType = "com.apple.product-type.bundle.ui-testing";
		};
/* End PBXNativeTarget section */

/* Begin PBXProject section */
		6F2F963A2BA4DFC000D56C74 /* Project object */ = {
			isa = PBXProject;
			attributes = {
				BuildIndependentTargetsInParallel = 1;
				LastSwiftUpdateCheck = 1530;
				LastUpgradeCheck = 1530;
				TargetAttributes = {
					6F2F96412BA4DFC000D56C74 = {
						CreatedOnToolsVersion = 15.3;
					};
					6F2F96512BA4DFC300D56C74 = {
						CreatedOnToolsVersion = 15.3;
						TestTargetID = 6F2F96412BA4DFC000D56C74;
					};
					6F2F965B2BA4DFC300D56C74 = {
						CreatedOnToolsVersion = 15.3;
						TestTargetID = 6F2F96412BA4DFC000D56C74;
					};
				};
			};
			buildConfigurationList = 6F2F963D2BA4DFC000D56C74 /* Build configuration list for PBXProject "Bus Times" */;
			compatibilityVersion = "Xcode 14.0";
			developmentRegion = en;
			hasScannedForEncodings = 0;
			knownRegions = (
				en,
				Base,
			);
			mainGroup = 6F2F96392BA4DFC000D56C74;
			productRefGroup = 6F2F96432BA4DFC000D56C74 /* Products */;
			projectDirPath = "";
			projectRoot = "";
			targets = (
				6F2F96412BA4DFC000D56C74 /* Bus Times */,
				6F2F96512BA4DFC300D56C74 /* Bus TimesTests */,
				6F2F965B2BA4DFC300D56C74 /* Bus TimesUITests */,
			);
		};
/* End PBXProject section */

/* Begin PBXResourcesBuildPhase section */
		6F2F96402BA4DFC000D56C74 /* Resources */ = {
			isa = PBXResourcesBuildPhase;
			buildActionMask = 2147483647;
			files = (
				6F2F964D2BA4DFC300D56C74 /* Preview Assets.xcassets in Resources */,
				6F2F964A2BA4DFC300D56C74 /* Assets.xcassets in Resources */,
			);
			runOnlyForDeploymentPostprocessing = 0;
		};
		6F2F96502BA4DFC300D56C74 /* Resources */ = {
			isa = PBXResourcesBuildPhase;
			buildActionMask = 2147483647;
			files = (
			);
			runOnlyForDeploymentPostprocessing = 0;
		};
		6F2F965A2BA4DFC300D56C74 /* Resources */ = {
			isa = PBXResourcesBuildPhase;
			buildActionMask = 2147483647;
			files = (
			);
			runOnlyForDeploymentPostprocessing = 0;
		};
/* End PBXResourcesBuildPhase section */

/* Begin PBXSourcesBuildPhase section */
		6F2F963E2BA4DFC000D56C74 /* Sources */ = {
			isa = PBXSourcesBuildPhase;
			buildActionMask = 2147483647;
			files = (
				6F2F96482BA4DFC000D56C74 /* ContentView.swift in Sources */,
				6F2F96462BA4DFC000D56C74 /* Bus_TimesApp.swift in Sources */,
			);
			runOnlyForDeploymentPostprocessing = 0;
		};
		6F2F964E2BA4DFC300D56C74 /* Sources */ = {
			isa = PBXSourcesBuildPhase;
			buildActionMask = 2147483647;
			files = (
				6F2F96572BA4DFC300D56C74 /* Bus_TimesTests.swift in Sources */,
			);
			runOnlyForDeploymentPostprocessing = 0;
		};
		6F2F96582BA4DFC300D56C74 /* Sources */ = {
			isa = PBXSourcesBuildPhase;
			buildActionMask = 2147483647;
			files = (
				6F2F96632BA4DFC300D56C74 /* Bus_TimesUITestsLaunchTests.swift in Sources */,
				6F2F96612BA4DFC300D56C74 /* Bus_TimesUITests.swift in Sources */,
			);
			runOnlyForDeploymentPostprocessing = 0;
		};
/* End PBXSourcesBuildPhase section */

/* Begin PBXTargetDependency section */
		6F2F96542BA4DFC300D56C74 /* PBXTargetDependency */ = {
			isa = PBXTargetDependency;
			target = 6F2F96412BA4DFC000D56C74 /* Bus Times */;
			targetProxy = 6F2F96532BA4DFC300D56C74 /* PBXContainerItemProxy */;
		};
		6F2F965E2BA4DFC300D56C74 /* PBXTargetDependency */ = {
			isa = PBXTargetDependency;
			target = 6F2F96412BA4DFC000D56C74 /* Bus Times */;
			targetProxy = 6F2F965D2BA4DFC300D56C74 /* PBXContainerItemProxy */;
		};
/* End PBXTargetDependency section */

/* Begin XCBuildConfiguration section */
		6F2F96642BA4DFC300D56C74 /* Debug */ = {
			isa = XCBuildConfiguration;
			buildSettings = {
				ALWAYS_SEARCH_USER_PATHS = NO;
				ASSETCATALOG_COMPILER_GENERATE_SWIFT_ASSET_SYMBOL_EXTENSIONS = YES;
				CLANG_ANALYZER_NONNULL = YES;
				CLANG_ANALYZER_NUMBER_OBJECT_CONVERSION = YES_AGGRESSIVE;
				CLANG_CXX_LANGUAGE_STANDARD = "gnu++20";
				CLANG_ENABLE_MODULES = YES;
				CLANG_ENABLE_OBJC_ARC = YES;
				CLANG_ENABLE_OBJC_WEAK = YES;
				CLANG_WARN_BLOCK_CAPTURE_AUTORELEASING = YES;
				CLANG_WARN_BOOL_CONVERSION = YES;
				CLANG_WARN_COMMA = YES;
				CLANG_WARN_CONSTANT_CONVERSION = YES;
				CLANG_WARN_DEPRECATED_OBJC_IMPLEMENTATIONS = YES;
				CLANG_WARN_DIRECT_OBJC_ISA_USAGE = YES_ERROR;
				CLANG_WARN_DOCUMENTATION_COMMENTS = YES;
				CLANG_WARN_EMPTY_BODY = YES;
				CLANG_WARN_ENUM_CONVERSION = YES;
				CLANG_WARN_INFINITE_RECURSION = YES;
				CLANG_WARN_INT_CONVERSION = YES;
				CLANG_WARN_NON_LITERAL_NULL_CONVERSION = YES;
				CLANG_WARN_OBJC_IMPLICIT_RETAIN_SELF = YES;
				CLANG_WARN_OBJC_LITERAL_CONVERSION = YES;
				CLANG_WARN_OBJC_ROOT_CLASS = YES_ERROR;
				CLANG_WARN_QUOTED_INCLUDE_IN_FRAMEWORK_HEADER = YES;
				CLANG_WARN_RANGE_LOOP_ANALYSIS = YES;
				CLANG_WARN_STRICT_PROTOTYPES = YES;
				CLANG_WARN_SUSPICIOUS_MOVE = YES;
				CLANG_WARN_UNGUARDED_AVAILABILITY = YES_AGGRESSIVE;
				CLANG_WARN_UNREACHABLE_CODE = YES;
				CLANG_WARN__DUPLICATE_METHOD_MATCH = YES;
				COPY_PHASE_STRIP = NO;
				DEBUG_INFORMATION_FORMAT = dwarf;
				ENABLE_STRICT_OBJC_MSGSEND = YES;
				ENABLE_TESTABILITY = YES;
				ENABLE_USER_SCRIPT_SANDBOXING = YES;
				GCC_C_LANGUAGE_STANDARD = gnu17;
				GCC_DYNAMIC_NO_PIC = NO;
				GCC_NO_COMMON_BLOCKS = YES;
				GCC_OPTIMIZATION_LEVEL = 0;
				GCC_PREPROCESSOR_DEFINITIONS = (
					"DEBUG=1",
					"$(inherited)",
				);
				GCC_WARN_64_TO_32_BIT_CONVERSION = YES;
				GCC_WARN_ABOUT_RETURN_TYPE = YES_ERROR;
				GCC_WARN_UNDECLARED_SELECTOR = YES;
				GCC_WARN_UNINITIALIZED_AUTOS = YES_AGGRESSIVE;
				GCC_WARN_UNUSED_FUNCTION = YES;
				GCC_WARN_UNUSED_VARIABLE = YES;
				IPHONEOS_DEPLOYMENT_TARGET = 17.4;
				LOCALIZATION_PREFERS_STRING_CATALOGS = YES;
				MTL_ENABLE_DEBUG_INFO = INCLUDE_SOURCE;
				MTL_FAST_MATH = YES;
				ONLY_ACTIVE_ARCH = YES;
				SDKROOT = iphoneos;
				SWIFT_ACTIVE_COMPILATION_CONDITIONS = "DEBUG $(inherited)";
				SWIFT_OPTIMIZATION_LEVEL = "-Onone";
			};
			name = Debug;
		};
		6F2F96652BA4DFC300D56C74 /* Release */ = {
			isa = XCBuildConfiguration;
			buildSettings = {
				ALWAYS_SEARCH_USER_PATHS = NO;
				ASSETCATALOG_COMPILER_GENERATE_SWIFT_ASSET_SYMBOL_EXTENSIONS = YES;
				CLANG_ANALYZER_NONNULL = YES;
				CLANG_ANALYZER_NUMBER_OBJECT_CONVERSION = YES_AGGRESSIVE;
				CLANG_CXX_LANGUAGE_STANDARD = "gnu++20";
				CLANG_ENABLE_MODULES = YES;
				CLANG_ENABLE_OBJC_ARC = YES;
				CLANG_ENABLE_OBJC_WEAK = YES;
				CLANG_WARN_BLOCK_CAPTURE_AUTORELEASING = YES;
				CLANG_WARN_BOOL_CONVERSION = YES;
				CLANG_WARN_COMMA = YES;
				CLANG_WARN_CONSTANT_CONVERSION = YES;
				CLANG_WARN_DEPRECATED_OBJC_IMPLEMENTATIONS = YES;
				CLANG_WARN_DIRECT_OBJC_ISA_USAGE = YES_ERROR;
				CLANG_WARN_DOCUMENTATION_COMMENTS = YES;
				CLANG_WARN_EMPTY_BODY = YES;
				CLANG_WARN_ENUM_CONVERSION = YES;
				CLANG_WARN_INFINITE_RECURSION = YES;
				CLANG_WARN_INT_CONVERSION = YES;
				CLANG_WARN_NON_LITERAL_NULL_CONVERSION = YES;
				CLANG_WARN_OBJC_IMPLICIT_RETAIN_SELF = YES;
				CLANG_WARN_OBJC_LITERAL_CONVERSION = YES;
				CLANG_WARN_OBJC_ROOT_CLASS = YES_ERROR;
				CLANG_WARN_QUOTED_INCLUDE_IN_FRAMEWORK_HEADER = YES;
				CLANG_WARN_RANGE_LOOP_ANALYSIS = YES;
				CLANG_WARN_STRICT_PROTOTYPES = YES;
				CLANG_WARN_SUSPICIOUS_MOVE = YES;
				CLANG_WARN_UNGUARDED_AVAILABILITY = YES_AGGRESSIVE;
				CLANG_WARN_UNREACHABLE_CODE = YES;
				CLANG_WARN__DUPLICATE_METHOD_MATCH = YES;
				COPY_PHASE_STRIP = NO;
				DEBUG_INFORMATION_FORMAT = "dwarf-with-dsym";
				ENABLE_NS_ASSERTIONS = NO;
				ENABLE_STRICT_OBJC_MSGSEND = YES;
				ENABLE_USER_SCRIPT_SANDBOXING = YES;
				GCC_C_LANGUAGE_STANDARD = gnu17;
				GCC_NO_COMMON_BLOCKS = YES;
				GCC_WARN_64_TO_32_BIT_CONVERSION = YES;
				GCC_WARN_ABOUT_RETURN_TYPE = YES_ERROR;
				GCC_WARN_UNDECLARED_SELECTOR = YES;
				GCC_WARN_UNINITIALIZED_AUTOS = YES_AGGRESSIVE;
				GCC_WARN_UNUSED_FUNCTION = YES;
				GCC_WARN_UNUSED_VARIABLE = YES;
				IPHONEOS_DEPLOYMENT_TARGET = 17.4;
				LOCALIZATION_PREFERS_STRING_CATALOGS = YES;
				MTL_ENABLE_DEBUG_INFO = NO;
				MTL_FAST_MATH = YES;
				SDKROOT = iphoneos;
				SWIFT_COMPILATION_MODE = wholemodule;
				VALIDATE_PRODUCT = YES;
			};
			name = Release;
		};
		6F2F96672BA4DFC300D56C74 /* Debug */ = {
			isa = XCBuildConfiguration;
			buildSettings = {
				ASSETCATALOG_COMPILER_APPICON_NAME = AppIcon;
				ASSETCATALOG_COMPILER_GLOBAL_ACCENT_COLOR_NAME = AccentColor;
				CODE_SIGN_STYLE = Automatic;
				CURRENT_PROJECT_VERSION = 1;
				DEVELOPMENT_ASSET_PATHS = "\"Bus Times/Preview Content\"";
				DEVELOPMENT_TEAM = 8Y3J97SYZG;
				ENABLE_PREVIEWS = YES;
				GENERATE_INFOPLIST_FILE = YES;
				INFOPLIST_KEY_UIApplicationSceneManifest_Generation = YES;
				INFOPLIST_KEY_UIApplicationSupportsIndirectInputEvents = YES;
				INFOPLIST_KEY_UILaunchScreen_Generation = YES;
				INFOPLIST_KEY_UISupportedInterfaceOrientations_iPad = "UIInterfaceOrientationPortrait UIInterfaceOrientationPortraitUpsideDown UIInterfaceOrientationLandscapeLeft UIInterfaceOrientationLandscapeRight";
				INFOPLIST_KEY_UISupportedInterfaceOrientations_iPhone = "UIInterfaceOrientationPortrait UIInterfaceOrientationLandscapeLeft UIInterfaceOrientationLandscapeRight";
				LD_RUNPATH_SEARCH_PATHS = (
					"$(inherited)",
					"@executable_path/Frameworks",
				);
				MARKETING_VERSION = 1.0;
				PRODUCT_BUNDLE_IDENTIFIER = "Fluffik-Studio.Bus-Times";
				PRODUCT_NAME = "$(TARGET_NAME)";
				SWIFT_EMIT_LOC_STRINGS = YES;
				SWIFT_VERSION = 5.0;
				TARGETED_DEVICE_FAMILY = "1,2";
			};
			name = Debug;
		};
		6F2F96682BA4DFC300D56C74 /* Release */ = {
			isa = XCBuildConfiguration;
			buildSettings = {
				ASSETCATALOG_COMPILER_APPICON_NAME = AppIcon;
				ASSETCATALOG_COMPILER_GLOBAL_ACCENT_COLOR_NAME = AccentColor;
				CODE_SIGN_STYLE = Automatic;
				CURRENT_PROJECT_VERSION = 1;
				DEVELOPMENT_ASSET_PATHS = "\"Bus Times/Preview Content\"";
				DEVELOPMENT_TEAM = 8Y3J97SYZG;
				ENABLE_PREVIEWS = YES;
				GENERATE_INFOPLIST_FILE = YES;
				INFOPLIST_KEY_UIApplicationSceneManifest_Generation = YES;
				INFOPLIST_KEY_UIApplicationSupportsIndirectInputEvents = YES;
				INFOPLIST_KEY_UILaunchScreen_Generation = YES;
				INFOPLIST_KEY_UISupportedInterfaceOrientations_iPad = "UIInterfaceOrientationPortrait UIInterfaceOrientationPortraitUpsideDown UIInterfaceOrientationLandscapeLeft UIInterfaceOrientationLandscapeRight";
				INFOPLIST_KEY_UISupportedInterfaceOrientations_iPhone = "UIInterfaceOrientationPortrait UIInterfaceOrientationLandscapeLeft UIInterfaceOrientationLandscapeRight";
				LD_RUNPATH_SEARCH_PATHS = (
					"$(inherited)",
					"@executable_path/Frameworks",
				);
				MARKETING_VERSION = 1.0;
				PRODUCT_BUNDLE_IDENTIFIER = "Fluffik-Studio.Bus-Times";
				PRODUCT_NAME = "$(TARGET_NAME)";
				SWIFT_EMIT_LOC_STRINGS = YES;
				SWIFT_VERSION = 5.0;
				TARGETED_DEVICE_FAMILY = "1,2";
			};
			name = Release;
		};
		6F2F966A2BA4DFC300D56C74 /* Debug */ = {
			isa = XCBuildConfiguration;
			buildSettings = {
				ALWAYS_EMBED_SWIFT_STANDARD_LIBRARIES = YES;
				BUNDLE_LOADER = "$(TEST_HOST)";
				CODE_SIGN_STYLE = Automatic;
				CURRENT_PROJECT_VERSION = 1;
				DEVELOPMENT_TEAM = 8Y3J97SYZG;
				GENERATE_INFOPLIST_FILE = YES;
				IPHONEOS_DEPLOYMENT_TARGET = 17.4;
				MARKETING_VERSION = 1.0;
				PRODUCT_BUNDLE_IDENTIFIER = "Fluffik-Studio.Bus-TimesTests";
				PRODUCT_NAME = "$(TARGET_NAME)";
				SWIFT_EMIT_LOC_STRINGS = NO;
				SWIFT_VERSION = 5.0;
				TARGETED_DEVICE_FAMILY = "1,2";
				TEST_HOST = "$(BUILT_PRODUCTS_DIR)/Bus Times.app/$(BUNDLE_EXECUTABLE_FOLDER_PATH)/Bus Times";
			};
			name = Debug;
		};
		6F2F966B2BA4DFC300D56C74 /* Release */ = {
			isa = XCBuildConfiguration;
			buildSettings = {
				ALWAYS_EMBED_SWIFT_STANDARD_LIBRARIES = YES;
				BUNDLE_LOADER = "$(TEST_HOST)";
				CODE_SIGN_STYLE = Automatic;
				CURRENT_PROJECT_VERSION = 1;
				DEVELOPMENT_TEAM = 8Y3J97SYZG;
				GENERATE_INFOPLIST_FILE = YES;
				IPHONEOS_DEPLOYMENT_TARGET = 17.4;
				MARKETING_VERSION = 1.0;
				PRODUCT_BUNDLE_IDENTIFIER = "Fluffik-Studio.Bus-TimesTests";
				PRODUCT_NAME = "$(TARGET_NAME)";
				SWIFT_EMIT_LOC_STRINGS = NO;
				SWIFT_VERSION = 5.0;
				TARGETED_DEVICE_FAMILY = "1,2";
				TEST_HOST = "$(BUILT_PRODUCTS_DIR)/Bus Times.app/$(BUNDLE_EXECUTABLE_FOLDER_PATH)/Bus Times";
			};
			name = Release;
		};
		6F2F966D2BA4DFC300D56C74 /* Debug */ = {
			isa = XCBuildConfiguration;
			buildSettings = {
				ALWAYS_EMBED_SWIFT_STANDARD_LIBRARIES = YES;
				CODE_SIGN_STYLE = Automatic;
				CURRENT_PROJECT_VERSION = 1;
				DEVELOPMENT_TEAM = 8Y3J97SYZG;
				GENERATE_INFOPLIST_FILE = YES;
				MARKETING_VERSION = 1.0;
				PRODUCT_BUNDLE_IDENTIFIER = "Fluffik-Studio.Bus-TimesUITests";
				PRODUCT_NAME = "$(TARGET_NAME)";
				SWIFT_EMIT_LOC_STRINGS = NO;
				SWIFT_VERSION = 5.0;
				TARGETED_DEVICE_FAMILY = "1,2";
				TEST_TARGET_NAME = "Bus Times";
			};
			name = Debug;
		};
		6F2F966E2BA4DFC300D56C74 /* Release */ = {
			isa = XCBuildConfiguration;
			buildSettings = {
				ALWAYS_EMBED_SWIFT_STANDARD_LIBRARIES = YES;
				CODE_SIGN_STYLE = Automatic;
				CURRENT_PROJECT_VERSION = 1;
				DEVELOPMENT_TEAM = 8Y3J97SYZG;
				GENERATE_INFOPLIST_FILE = YES;
				MARKETING_VERSION = 1.0;
				PRODUCT_BUNDLE_IDENTIFIER = "Fluffik-Studio.Bus-TimesUITests";
				PRODUCT_NAME = "$(TARGET_NAME)";
				SWIFT_EMIT_LOC_STRINGS = NO;
				SWIFT_VERSION = 5.0;
				TARGETED_DEVICE_FAMILY = "1,2";
				TEST_TARGET_NAME = "Bus Times";
			};
			name = Release;
		};
/* End XCBuildConfiguration section */

/* Begin XCConfigurationList section */
		6F2F963D2BA4DFC000D56C74 /* Build configuration list for PBXProject "Bus Times" */ = {
			isa = XCConfigurationList;
			buildConfigurations = (
				6F2F96642BA4DFC300D56C74 /* Debug */,
				6F2F96652BA4DFC300D56C74 /* Release */,
			);
			defaultConfigurationIsVisible = 0;
			defaultConfigurationName = Release;
		};
		6F2F96662BA4DFC300D56C74 /* Build configuration list for PBXNativeTarget "Bus Times" */ = {
			isa = XCConfigurationList;
			buildConfigurations = (
				6F2F96672BA4DFC300D56C74 /* Debug */,
				6F2F96682BA4DFC300D56C74 /* Release */,
			);
			defaultConfigurationIsVisible = 0;
			defaultConfigurationName = Release;
		};
		6F2F96692BA4DFC300D56C74 /* Build configuration list for PBXNativeTarget "Bus TimesTests" */ = {
			isa = XCConfigurationList;
			buildConfigurations = (
				6F2F966A2BA4DFC300D56C74 /* Debug */,
				6F2F966B2BA4DFC300D56C74 /* Release */,
			);
			defaultConfigurationIsVisible = 0;
			defaultConfigurationName = Release;
		};
		6F2F966C2BA4DFC300D56C74 /* Build configuration list for PBXNativeTarget "Bus TimesUITests" */ = {
			isa = XCConfigurationList;
			buildConfigurations = (
				6F2F966D2BA4DFC300D56C74 /* Debug */,
				6F2F966E2BA4DFC300D56C74 /* Release */,
			);
			defaultConfigurationIsVisible = 0;
			defaultConfigurationName = Release;
		};
/* End XCConfigurationList section */
	};
	rootObject = 6F2F963A2BA4DFC000D56C74 /* Project object */;
}
